
Microsoft Visual Studio Solution File, Format Version 12.00
# Visual Studio Version 17
VisualStudioVersion = 17.0.31903.59
MinimumVisualStudioVersion = 10.0.40219.1
Project("{FAE04EC0-301F-11D3-BF4B-00C04F79EFBC}") = "ConsoleUI", "ConsoleUI\ConsoleUI.csproj", "{EE1A9B23-B898-42FB-99EA-10349FA7F401}"
EndProject
Project("{FAE04EC0-301F-11D3-BF4B-00C04F79EFBC}") = "DemoLibrary", "demoLibrary\DemoLibrary.csproj", "{D18985F1-6C15-491B-BC15-75D3D8F9627F}"
EndProject
Global
	GlobalSection(SolutionConfigurationPlatforms) = preSolution
		Debug|Any CPU = Debug|Any CPU
		Release|Any CPU = Release|Any CPU
	EndGlobalSection
	GlobalSection(SolutionProperties) = preSolution
		HideSolutionNode = FALSE
	EndGlobalSection
	GlobalSection(ProjectConfigurationPlatforms) = postSolution
		{EE1A9B23-B898-42FB-99EA-10349FA7F401}.Debug|Any CPU.ActiveCfg = Debug|Any CPU
		{EE1A9B23-B898-42FB-99EA-10349FA7F401}.Debug|Any CPU.Build.0 = Debug|Any CPU
		{EE1A9B23-B898-42FB-99EA-10349FA7F401}.Release|Any CPU.ActiveCfg = Release|Any CPU
		{EE1A9B23-B898-42FB-99EA-10349FA7F401}.Release|Any CPU.Build.0 = Release|Any CPU
		{D18985F1-6C15-491B-BC15-75D3D8F9627F}.Debug|Any CPU.ActiveCfg = Debug|Any CPU
		{D18985F1-6C15-491B-BC15-75D3D8F9627F}.Debug|Any CPU.Build.0 = Debug|Any CPU
		{D18985F1-6C15-491B-BC15-75D3D8F9627F}.Release|Any CPU.ActiveCfg = Release|Any CPU
		{D18985F1-6C15-491B-BC15-75D3D8F9627F}.Release|Any CPU.Build.0 = Release|Any CPU
	EndGlobalSection
EndGlobal
